
Microsoft Visual Studio Solution File, Format Version 12.00
# Visual Studio Version 17
VisualStudioVersion = 17.9.34622.214
MinimumVisualStudioVersion = 10.0.40219.1
Project("{FAE04EC0-301F-11D3-BF4B-00C04F79EFBC}") = "PasientApp", "PasientApp\PasientApp.csproj", "{DAD39239-C5EB-4D6A-A073-AE5080665931}"
EndProject
Global
	GlobalSection(SolutionConfigurationPlatforms) = preSolution
		Debug|Any CPU = Debug|Any CPU
		Release|Any CPU = Release|Any CPU
	EndGlobalSection
	GlobalSection(ProjectConfigurationPlatforms) = postSolution
		{DAD39239-C5EB-4D6A-A073-AE5080665931}.Debug|Any CPU.ActiveCfg = Debug|Any CPU
		{DAD39239-C5EB-4D6A-A073-AE5080665931}.Debug|Any CPU.Build.0 = Debug|Any CPU
		{DAD39239-C5EB-4D6A-A073-AE5080665931}.Release|Any CPU.ActiveCfg = Release|Any CPU
		{DAD39239-C5EB-4D6A-A073-AE5080665931}.Release|Any CPU.Build.0 = Release|Any CPU
	EndGlobalSection
	GlobalSection(SolutionProperties) = preSolution
		HideSolutionNode = FALSE
	EndGlobalSection
	GlobalSection(ExtensibilityGlobals) = postSolution
		SolutionGuid = {DB119D62-1D1A-42ED-9576-19B67BD7809F}
	EndGlobalSection
EndGlobal
